
Microsoft Visual Studio Solution File, Format Version 12.00
# Visual Studio Version 17
VisualStudioVersion = 17.6.33815.320
MinimumVisualStudioVersion = 10.0.40219.1
Project("{FAE04EC0-301F-11D3-BF4B-00C04F79EFBC}") = "Assisted15", "Assisted15\Assisted15.csproj", "{5D473203-C206-4563-B388-4F6DF4570DA7}"
EndProject
Global
	GlobalSection(SolutionConfigurationPlatforms) = preSolution
		Debug|Any CPU = Debug|Any CPU
		Release|Any CPU = Release|Any CPU
	EndGlobalSection
	GlobalSection(ProjectConfigurationPlatforms) = postSolution
		{5D473203-C206-4563-B388-4F6DF4570DA7}.Debug|Any CPU.ActiveCfg = Debug|Any CPU
		{5D473203-C206-4563-B388-4F6DF4570DA7}.Debug|Any CPU.Build.0 = Debug|Any CPU
		{5D473203-C206-4563-B388-4F6DF4570DA7}.Release|Any CPU.ActiveCfg = Release|Any CPU
		{5D473203-C206-4563-B388-4F6DF4570DA7}.Release|Any CPU.Build.0 = Release|Any CPU
	EndGlobalSection
	GlobalSection(SolutionProperties) = preSolution
		HideSolutionNode = FALSE
	EndGlobalSection
	GlobalSection(ExtensibilityGlobals) = postSolution
		SolutionGuid = {2D1BB586-7745-4DA7-BEB3-33960703CD23}
	EndGlobalSection
EndGlobal
