
Microsoft Visual Studio Solution File, Format Version 12.00
# Visual Studio Version 17
VisualStudioVersion = 17.6.33815.320
MinimumVisualStudioVersion = 10.0.40219.1
Project("{FAE04EC0-301F-11D3-BF4B-00C04F79EFBC}") = "Assisted1", "Assisted1\Assisted1.csproj", "{BA4C589B-F7EC-4CEA-B02E-ABF8787A1439}"
EndProject
Global
	GlobalSection(SolutionConfigurationPlatforms) = preSolution
		Debug|Any CPU = Debug|Any CPU
		Release|Any CPU = Release|Any CPU
	EndGlobalSection
	GlobalSection(ProjectConfigurationPlatforms) = postSolution
		{BA4C589B-F7EC-4CEA-B02E-ABF8787A1439}.Debug|Any CPU.ActiveCfg = Debug|Any CPU
		{BA4C589B-F7EC-4CEA-B02E-ABF8787A1439}.Debug|Any CPU.Build.0 = Debug|Any CPU
		{BA4C589B-F7EC-4CEA-B02E-ABF8787A1439}.Release|Any CPU.ActiveCfg = Release|Any CPU
		{BA4C589B-F7EC-4CEA-B02E-ABF8787A1439}.Release|Any CPU.Build.0 = Release|Any CPU
	EndGlobalSection
	GlobalSection(SolutionProperties) = preSolution
		HideSolutionNode = FALSE
	EndGlobalSection
	GlobalSection(ExtensibilityGlobals) = postSolution
		SolutionGuid = {1E06BCE1-B7D5-4C49-87C2-8948FFE4FB32}
	EndGlobalSection
EndGlobal
