
Microsoft Visual Studio Solution File, Format Version 12.00
# Visual Studio Version 17
VisualStudioVersion = 17.6.33815.320
MinimumVisualStudioVersion = 10.0.40219.1
Project("{FAE04EC0-301F-11D3-BF4B-00C04F79EFBC}") = "Assisted10", "Assisted10\Assisted10.csproj", "{54CBAA14-4000-4C0F-BEAC-A51DDCA99F30}"
EndProject
Project("{FAE04EC0-301F-11D3-BF4B-00C04F79EFBC}") = "Assisted10.Tests", "Assisted10.Tests\Assisted10.Tests.csproj", "{3EA3E285-A205-4352-9D32-BE1384BB5239}"
EndProject
Global
	GlobalSection(SolutionConfigurationPlatforms) = preSolution
		Debug|Any CPU = Debug|Any CPU
		Release|Any CPU = Release|Any CPU
	EndGlobalSection
	GlobalSection(ProjectConfigurationPlatforms) = postSolution
		{54CBAA14-4000-4C0F-BEAC-A51DDCA99F30}.Debug|Any CPU.ActiveCfg = Debug|Any CPU
		{54CBAA14-4000-4C0F-BEAC-A51DDCA99F30}.Debug|Any CPU.Build.0 = Debug|Any CPU
		{54CBAA14-4000-4C0F-BEAC-A51DDCA99F30}.Release|Any CPU.ActiveCfg = Release|Any CPU
		{54CBAA14-4000-4C0F-BEAC-A51DDCA99F30}.Release|Any CPU.Build.0 = Release|Any CPU
		{3EA3E285-A205-4352-9D32-BE1384BB5239}.Debug|Any CPU.ActiveCfg = Debug|Any CPU
		{3EA3E285-A205-4352-9D32-BE1384BB5239}.Debug|Any CPU.Build.0 = Debug|Any CPU
		{3EA3E285-A205-4352-9D32-BE1384BB5239}.Release|Any CPU.ActiveCfg = Release|Any CPU
		{3EA3E285-A205-4352-9D32-BE1384BB5239}.Release|Any CPU.Build.0 = Release|Any CPU
	EndGlobalSection
	GlobalSection(SolutionProperties) = preSolution
		HideSolutionNode = FALSE
	EndGlobalSection
	GlobalSection(ExtensibilityGlobals) = postSolution
		SolutionGuid = {DD2EFB04-9C1D-47D2-9AB0-6790B24C1970}
	EndGlobalSection
EndGlobal
